<?xml version="1.0" encoding="utf-8"?>
<Project ToolsVersion="4.0" xmlns="http://schemas.microsoft.com/developer/msbuild/2003">
  <ItemGroup>
    <Filter Include="Source Files">
      <UniqueIdentifier>{4FC737F1-C7A5-4376-A066-2A32D752A2FF}</UniqueIdentifier>
      <Extensions>cpp;c;cc;cxx;c++;cppm;ixx;def;odl;idl;hpj;bat;asm;asmx</Extensions>
    </Filter>
    <Filter Include="Header Files">
      <UniqueIdentifier>{93995380-89BD-4b04-88EB-625FBE52EBFB}</UniqueIdentifier>
      <Extensions>h;hh;hpp;hxx;h++;hm;inl;inc;ipp;xsd</Extensions>
    </Filter>
    <Filter Include="Resource Files">
      <UniqueIdentifier>{67DA6AB6-F800-4c08-8B7A-83BB121AAD01}</UniqueIdentifier>
      <Extensions>rc;ico;cur;bmp;dlg;rc2;rct;bin;rgs;gif;jpg;jpeg;jpe;resx;tiff;tif;png;wav;mfcribbon-ms</Extensions>
    </Filter>
  </ItemGroup>
  <ItemGroup>
    <ClInclude Include="board.h">
      <Filter>Header Files</Filter>
    </ClInclude>
    <ClInclude Include="pacman.h">
      <Filter>Header Files</Filter>
    </ClInclude>
    <ClInclude Include="game.h">
      <Filter>Header Files</Filter>
    </ClInclude>
    <ClInclude Include="point.h">
      <Filter>Header Files</Filter>
    </ClInclude>
    <ClInclude Include="globalDef.h">
      <Filter>Header Files</Filter>
    </ClInclude>
    <ClInclude Include="ghost.h">
      <Filter>Header Files</Filter>
    </ClInclude>
    <ClInclude Include="color.h">
      <Filter>Header Files</Filter>
    </ClInclude>
    <ClInclude Include="boardFile.h">
      <Filter>Header Files</Filter>
    </ClInclude>
    <ClInclude Include="gameUnit.h">
      <Filter>Header Files</Filter>
    </ClInclude>
    <ClInclude Include="fruit.h">
      <Filter>Header Files</Filter>
    </ClInclude>
    <ClInclude Include="gameHandler.h">
      <Filter>Header Files</Filter>
    </ClInclude>
    <ClInclude Include="ghostUnit.h">
      <Filter>Header Files</Filter>
    </ClInclude>
    <ClInclude Include="moveQueue.h">
      <Filter>Header Files</Filter>
    </ClInclude>
    <ClInclude Include="recordGameHandler.h">
      <Filter>Header Files</Filter>
    </ClInclude>
    <ClInclude Include="normalGameHandler.h">
      <Filter>Header Files</Filter>
    </ClInclude>
    <ClInclude Include="recordFile.h">
      <Filter>Header Files</Filter>
    </ClInclude>
    <ClInclude Include="fruitData.h">
      <Filter>Header Files</Filter>
    </ClInclude>
    <ClInclude Include="fruitQueueHandler.h">
      <Filter>Header Files</Filter>
    </ClInclude>
    <ClInclude Include="replayGameHandler.h">
      <Filter>Header Files</Filter>
    </ClInclude>
    <ClInclude Include="normalReplayHandler.h">
      <Filter>Header Files</Filter>
    </ClInclude>
    <ClInclude Include="silentReplayHandler.h">
      <Filter>Header Files</Filter>
    </ClInclude>
  </ItemGroup>
  <ItemGroup>
    <ClCompile Include="board.cpp">
      <Filter>Source Files</Filter>
    </ClCompile>
    <ClCompile Include="main.cpp">
      <Filter>Source Files</Filter>
    </ClCompile>
    <ClCompile Include="pacman.cpp">
      <Filter>Source Files</Filter>
    </ClCompile>
    <ClCompile Include="game.cpp">
      <Filter>Source Files</Filter>
    </ClCompile>
    <ClCompile Include="point.cpp">
      <Filter>Source Files</Filter>
    </ClCompile>
    <ClCompile Include="ghost.cpp">
      <Filter>Source Files</Filter>
    </ClCompile>
    <ClCompile Include="color.cpp">
      <Filter>Source Files</Filter>
    </ClCompile>
    <ClCompile Include="gameUnit.cpp">
      <Filter>Source Files</Filter>
    </ClCompile>
    <ClCompile Include="fruit.cpp">
      <Filter>Source Files</Filter>
    </ClCompile>
    <ClCompile Include="boardFile.cpp">
      <Filter>Source Files</Filter>
    </ClCompile>
    <ClCompile Include="gameHandler.cpp">
      <Filter>Source Files</Filter>
    </ClCompile>
    <ClCompile Include="recordFile.cpp">
      <Filter>Source Files</Filter>
    </ClCompile>
    <ClCompile Include="moveQueue.cpp">
      <Filter>Source Files</Filter>
    </ClCompile>
    <ClCompile Include="recordGameHandler.cpp">
      <Filter>Source Files</Filter>
    </ClCompile>
    <ClCompile Include="fruitQueueHandler.cpp">
      <Filter>Source Files</Filter>
    </ClCompile>
    <ClCompile Include="replayGameHandler.cpp">
      <Filter>Source Files</Filter>
    </ClCompile>
    <ClCompile Include="normalGameHandler.cpp">
      <Filter>Source Files</Filter>
    </ClCompile>
    <ClCompile Include="silentReplayHandler.cpp">
      <Filter>Source Files</Filter>
    </ClCompile>
    <ClCompile Include="normalReplayHandler.cpp">
      <Filter>Source Files</Filter>
    </ClCompile>
  </ItemGroup>
</Project>